{
  "version": 4,
  "terraform_version": "0.13.1",
  "serial": 13,
  "lineage": "a2063a89-5fc2-5936-99c2-d3e094cf122f",
  "outputs": {
    "public_ip": {
      "value": "13.126.127.133",
      "type": "string"
    }
  },
  "resources": [
    {
      "mode": "managed",
      "type": "aws_eip",
      "name": "task_eip",
      "provider": "provider[\"registry.terraform.io/hashicorp/aws\"]",
      "instances": [
        {
          "schema_version": 0,
          "attributes": {
            "address": null,
            "allocation_id": null,
            "associate_with_private_ip": null,
            "association_id": "",
            "carrier_ip": "",
            "customer_owned_ip": "",
            "customer_owned_ipv4_pool": "",
            "domain": "vpc",
            "id": "eipalloc-00712248eb929db36",
            "instance": "",
            "network_border_group": "ap-south-1",
            "network_interface": "",
            "private_dns": null,
            "private_ip": "",
            "public_dns": "ec2-65-0-48-220.ap-south-1.compute.amazonaws.com",
            "public_ip": "65.0.48.220",
            "public_ipv4_pool": "amazon",
            "tags": null,
            "tags_all": {},
            "timeouts": null,
            "vpc": true
          },
          "private": "eyJlMmJmYjczMC1lY2FhLTExZTYtOGY4OC0zNDM2M2JjN2M0YzAiOnsiZGVsZXRlIjoxODAwMDAwMDAwMDAsInJlYWQiOjkwMDAwMDAwMDAwMCwidXBkYXRlIjozMDAwMDAwMDAwMDB9fQ=="
        }
      ]
    },
    {
      "mode": "managed",
      "type": "aws_instance",
      "name": "task4_wp",
      "provider": "provider[\"registry.terraform.io/hashicorp/aws\"]",
      "instances": [
        {
          "schema_version": 1,
          "attributes": {
            "ami": "ami-000cbce3e1b899ebd",
            "arn": "arn:aws:ec2:ap-south-1:718224040219:instance/i-019358668ca109337",
            "associate_public_ip_address": true,
            "availability_zone": "ap-south-1a",
            "cpu_core_count": 1,
            "cpu_threads_per_core": 1,
            "credit_specification": [
              {
                "cpu_credits": "standard"
              }
            ],
            "disable_api_termination": false,
            "ebs_block_device": [],
            "ebs_optimized": false,
            "enclave_options": [
              {
                "enabled": false
              }
            ],
            "ephemeral_block_device": [],
            "get_password_data": false,
            "hibernation": false,
            "host_id": null,
            "iam_instance_profile": "",
            "id": "i-019358668ca109337",
            "instance_initiated_shutdown_behavior": "stop",
            "instance_state": "running",
            "instance_type": "t2.micro",
            "ipv6_address_count": 0,
            "ipv6_addresses": [],
            "key_name": "key",
            "metadata_options": [
              {
                "http_endpoint": "enabled",
                "http_put_response_hop_limit": 1,
                "http_tokens": "optional"
              }
            ],
            "monitoring": false,
            "network_interface": [],
            "outpost_arn": "",
            "password_data": "",
            "placement_group": "",
            "primary_network_interface_id": "eni-0c10b6a9ba34718fb",
            "private_dns": "ip-10-0-1-69.ap-south-1.compute.internal",
            "private_ip": "10.0.1.69",
            "public_dns": "ec2-13-126-127-133.ap-south-1.compute.amazonaws.com",
            "public_ip": "13.126.127.133",
            "root_block_device": [
              {
                "delete_on_termination": true,
                "device_name": "/dev/xvda",
                "encrypted": false,
                "iops": 100,
                "kms_key_id": "",
                "tags": {},
                "throughput": 0,
                "volume_id": "vol-09442cd11d0e5861b",
                "volume_size": 10,
                "volume_type": "gp2"
              }
            ],
            "secondary_private_ips": [],
            "security_groups": [],
            "source_dest_check": true,
            "subnet_id": "subnet-04c1f03eebc01f2e3",
            "tags": {
              "Name": "task4_wp"
            },
            "tags_all": {
              "Name": "task4_wp"
            },
            "tenancy": "default",
            "timeouts": null,
            "user_data": null,
            "user_data_base64": null,
            "volume_tags": null,
            "vpc_security_group_ids": [
              "sg-0eb4eb4e28a6856a1"
            ]
          },
          "private": "eyJlMmJmYjczMC1lY2FhLTExZTYtOGY4OC0zNDM2M2JjN2M0YzAiOnsiY3JlYXRlIjo2MDAwMDAwMDAwMDAsImRlbGV0ZSI6MTIwMDAwMDAwMDAwMCwidXBkYXRlIjo2MDAwMDAwMDAwMDB9LCJzY2hlbWFfdmVyc2lvbiI6IjEifQ==",
          "dependencies": [
            "aws_security_group.securitygroup2",
            "aws_subnet.public_subnet",
            "aws_vpc.vpc_task"
          ]
        }
      ]
    },
    {
      "mode": "managed",
      "type": "aws_internet_gateway",
      "name": "gw_task",
      "provider": "provider[\"registry.terraform.io/hashicorp/aws\"]",
      "instances": [
        {
          "schema_version": 0,
          "attributes": {
            "arn": "arn:aws:ec2:ap-south-1:718224040219:internet-gateway/igw-0cdabbd82f58420b8",
            "id": "igw-0cdabbd82f58420b8",
            "owner_id": "718224040219",
            "tags": {
              "Name": "gw_task"
            },
            "tags_all": {
              "Name": "gw_task"
            },
            "vpc_id": "vpc-0924ba98f62c434d7"
          },
          "private": "bnVsbA==",
          "dependencies": [
            "aws_vpc.vpc_task"
          ]
        }
      ]
    },
    {
      "mode": "managed",
      "type": "aws_key_pair",
      "name": "key",
      "provider": "provider[\"registry.terraform.io/hashicorp/aws\"]",
      "instances": [
        {
          "schema_version": 1,
          "attributes": {
            "arn": "arn:aws:ec2:ap-south-1:718224040219:key-pair/key",
            "fingerprint": "b4:60:db:27:66:92:e6:c4:7d:fd:a5:63:19:52:ae:84",
            "id": "key",
            "key_name": "key",
            "key_name_prefix": null,
            "key_pair_id": "key-02e11a16d3a080d4f",
            "public_key": "ssh-rsa AAAAB3NzaC1yc2EAAAADAQABAAABAQDehxIBf2q4RwVeyIm4oEn23b0RufyuCqQDQML4qh1EaBNyP5997KYUJYiDfmBZ/nejl9ckFEviEfNGAIp6E6U7H/7rG4vvLXvV+IvWj1lqeQ7Ix3JMoOSwoCkVzfi+FjvXFGYugZPqewYRhptFROK8epKltY644rtWuKWx5FWfKsHXHK/n+S+wKbCwJMciKdljXLJAqvYfg916gQQ1tkoD9kVxhPrTRBqly6C3vKaf5FxXAaqUQ9xoJiK9GRrCc1ryX9P1DYrgj6bSYoHclUxwoboxIfxUneNuk6/OtClh+SmUOqXSNlCMqar/W3ugWlGOdkt8u1J0rtGSbiir45q7",
            "tags": null,
            "tags_all": {}
          },
          "private": "eyJzY2hlbWFfdmVyc2lvbiI6IjEifQ==",
          "dependencies": [
            "tls_private_key.privatekeytask"
          ]
        }
      ]
    },
    {
      "mode": "managed",
      "type": "aws_nat_gateway",
      "name": "nat_task",
      "provider": "provider[\"registry.terraform.io/hashicorp/aws\"]",
      "instances": [
        {
          "schema_version": 0,
          "attributes": {
            "allocation_id": "eipalloc-00712248eb929db36",
            "id": "nat-06e1fbe0c0398f18f",
            "network_interface_id": "eni-092fdebb5fd067d3f",
            "private_ip": "10.0.1.238",
            "public_ip": "65.0.48.220",
            "subnet_id": "subnet-04c1f03eebc01f2e3",
            "tags": {
              "Name": "nat_task"
            },
            "tags_all": {
              "Name": "nat_task"
            }
          },
          "private": "bnVsbA==",
          "dependencies": [
            "aws_eip.task_eip",
            "aws_subnet.public_subnet",
            "aws_vpc.vpc_task"
          ]
        }
      ]
    },
    {
      "mode": "managed",
      "type": "aws_route_table",
      "name": "route_task",
      "provider": "provider[\"registry.terraform.io/hashicorp/aws\"]",
      "instances": [
        {
          "schema_version": 0,
          "attributes": {
            "arn": "arn:aws:ec2:ap-south-1:718224040219:route-table/rtb-08276beeeb3077c62",
            "id": "rtb-08276beeeb3077c62",
            "owner_id": "718224040219",
            "propagating_vgws": [],
            "route": [
              {
                "carrier_gateway_id": "",
                "cidr_block": "0.0.0.0/0",
                "destination_prefix_list_id": "",
                "egress_only_gateway_id": "",
                "gateway_id": "igw-0cdabbd82f58420b8",
                "instance_id": "",
                "ipv6_cidr_block": "",
                "local_gateway_id": "",
                "nat_gateway_id": "",
                "network_interface_id": "",
                "transit_gateway_id": "",
                "vpc_endpoint_id": "",
                "vpc_peering_connection_id": ""
              }
            ],
            "tags": {
              "Name": "route_task"
            },
            "tags_all": {
              "Name": "route_task"
            },
            "vpc_id": "vpc-0924ba98f62c434d7"
          },
          "private": "bnVsbA==",
          "dependencies": [
            "aws_internet_gateway.gw_task",
            "aws_vpc.vpc_task"
          ]
        }
      ]
    },
    {
      "mode": "managed",
      "type": "aws_route_table",
      "name": "route_task_sec",
      "provider": "provider[\"registry.terraform.io/hashicorp/aws\"]",
      "instances": [
        {
          "schema_version": 0,
          "attributes": {
            "arn": "arn:aws:ec2:ap-south-1:718224040219:route-table/rtb-05b3baa6583355a0f",
            "id": "rtb-05b3baa6583355a0f",
            "owner_id": "718224040219",
            "propagating_vgws": [],
            "route": [
              {
                "carrier_gateway_id": "",
                "cidr_block": "0.0.0.0/0",
                "destination_prefix_list_id": "",
                "egress_only_gateway_id": "",
                "gateway_id": "",
                "instance_id": "",
                "ipv6_cidr_block": "",
                "local_gateway_id": "",
                "nat_gateway_id": "nat-06e1fbe0c0398f18f",
                "network_interface_id": "",
                "transit_gateway_id": "",
                "vpc_endpoint_id": "",
                "vpc_peering_connection_id": ""
              }
            ],
            "tags": {
              "Name": "route_task_sec"
            },
            "tags_all": {
              "Name": "route_task_sec"
            },
            "vpc_id": "vpc-0924ba98f62c434d7"
          },
          "private": "bnVsbA==",
          "dependencies": [
            "aws_eip.task_eip",
            "aws_nat_gateway.nat_task",
            "aws_subnet.public_subnet",
            "aws_vpc.vpc_task"
          ]
        }
      ]
    },
    {
      "mode": "managed",
      "type": "aws_route_table_association",
      "name": "asso_task",
      "provider": "provider[\"registry.terraform.io/hashicorp/aws\"]",
      "instances": [
        {
          "schema_version": 0,
          "attributes": {
            "gateway_id": null,
            "id": "rtbassoc-0229bc903f6b5b84d",
            "route_table_id": "rtb-08276beeeb3077c62",
            "subnet_id": "subnet-04c1f03eebc01f2e3"
          },
          "private": "bnVsbA==",
          "dependencies": [
            "aws_internet_gateway.gw_task",
            "aws_route_table.route_task",
            "aws_subnet.public_subnet",
            "aws_vpc.vpc_task"
          ]
        }
      ]
    },
    {
      "mode": "managed",
      "type": "aws_security_group",
      "name": "securitygroup2",
      "provider": "provider[\"registry.terraform.io/hashicorp/aws\"]",
      "instances": [
        {
          "schema_version": 1,
          "attributes": {
            "arn": "arn:aws:ec2:ap-south-1:718224040219:security-group/sg-0eb4eb4e28a6856a1",
            "description": "Allow HTTP and SSH and NFS",
            "egress": [
              {
                "cidr_blocks": [
                  "0.0.0.0/0"
                ],
                "description": "",
                "from_port": 0,
                "ipv6_cidr_blocks": [],
                "prefix_list_ids": [],
                "protocol": "-1",
                "security_groups": [],
                "self": false,
                "to_port": 0
              }
            ],
            "id": "sg-0eb4eb4e28a6856a1",
            "ingress": [
              {
                "cidr_blocks": [
                  "0.0.0.0/0"
                ],
                "description": "NFS",
                "from_port": 2049,
                "ipv6_cidr_blocks": [],
                "prefix_list_ids": [],
                "protocol": "tcp",
                "security_groups": [],
                "self": false,
                "to_port": 2049
              },
              {
                "cidr_blocks": [
                  "0.0.0.0/0"
                ],
                "description": "http",
                "from_port": 80,
                "ipv6_cidr_blocks": [],
                "prefix_list_ids": [],
                "protocol": "tcp",
                "security_groups": [],
                "self": false,
                "to_port": 80
              },
              {
                "cidr_blocks": [
                  "0.0.0.0/0"
                ],
                "description": "ssh",
                "from_port": 22,
                "ipv6_cidr_blocks": [],
                "prefix_list_ids": [],
                "protocol": "tcp",
                "security_groups": [],
                "self": false,
                "to_port": 22
              }
            ],
            "name": "securitygroup2",
            "name_prefix": "",
            "owner_id": "718224040219",
            "revoke_rules_on_delete": false,
            "tags": {
              "Name": "securitygroup2"
            },
            "tags_all": {
              "Name": "securitygroup2"
            },
            "timeouts": null,
            "vpc_id": "vpc-0924ba98f62c434d7"
          },
          "private": "eyJlMmJmYjczMC1lY2FhLTExZTYtOGY4OC0zNDM2M2JjN2M0YzAiOnsiY3JlYXRlIjo2MDAwMDAwMDAwMDAsImRlbGV0ZSI6OTAwMDAwMDAwMDAwfSwic2NoZW1hX3ZlcnNpb24iOiIxIn0=",
          "dependencies": [
            "aws_vpc.vpc_task"
          ]
        }
      ]
    },
    {
      "mode": "managed",
      "type": "aws_subnet",
      "name": "public_subnet",
      "provider": "provider[\"registry.terraform.io/hashicorp/aws\"]",
      "instances": [
        {
          "schema_version": 1,
          "attributes": {
            "arn": "arn:aws:ec2:ap-south-1:718224040219:subnet/subnet-04c1f03eebc01f2e3",
            "assign_ipv6_address_on_creation": false,
            "availability_zone": "ap-south-1a",
            "availability_zone_id": "aps1-az1",
            "cidr_block": "10.0.1.0/24",
            "customer_owned_ipv4_pool": "",
            "id": "subnet-04c1f03eebc01f2e3",
            "ipv6_cidr_block": "",
            "ipv6_cidr_block_association_id": "",
            "map_customer_owned_ip_on_launch": false,
            "map_public_ip_on_launch": true,
            "outpost_arn": "",
            "owner_id": "718224040219",
            "tags": {
              "Name": "public_subnet"
            },
            "tags_all": {
              "Name": "public_subnet"
            },
            "timeouts": null,
            "vpc_id": "vpc-0924ba98f62c434d7"
          },
          "private": "eyJlMmJmYjczMC1lY2FhLTExZTYtOGY4OC0zNDM2M2JjN2M0YzAiOnsiY3JlYXRlIjo2MDAwMDAwMDAwMDAsImRlbGV0ZSI6MTIwMDAwMDAwMDAwMH0sInNjaGVtYV92ZXJzaW9uIjoiMSJ9",
          "dependencies": [
            "aws_vpc.vpc_task"
          ]
        }
      ]
    },
    {
      "mode": "managed",
      "type": "aws_vpc",
      "name": "vpc_task",
      "provider": "provider[\"registry.terraform.io/hashicorp/aws\"]",
      "instances": [
        {
          "schema_version": 1,
          "attributes": {
            "arn": "arn:aws:ec2:ap-south-1:718224040219:vpc/vpc-0924ba98f62c434d7",
            "assign_generated_ipv6_cidr_block": false,
            "cidr_block": "10.0.0.0/16",
            "default_network_acl_id": "acl-083b7984ff38dc2e9",
            "default_route_table_id": "rtb-0836f011c27aac265",
            "default_security_group_id": "sg-032009da2a7e1da2c",
            "dhcp_options_id": "dopt-4f49b124",
            "enable_classiclink": null,
            "enable_classiclink_dns_support": null,
            "enable_dns_hostnames": true,
            "enable_dns_support": true,
            "id": "vpc-0924ba98f62c434d7",
            "instance_tenancy": "default",
            "ipv6_association_id": "",
            "ipv6_cidr_block": "",
            "main_route_table_id": "rtb-0836f011c27aac265",
            "owner_id": "718224040219",
            "tags": {
              "Name": "vpc_task"
            },
            "tags_all": {
              "Name": "vpc_task"
            }
          },
          "private": "eyJzY2hlbWFfdmVyc2lvbiI6IjEifQ=="
        }
      ]
    },
    {
      "mode": "managed",
      "type": "tls_private_key",
      "name": "privatekeytask",
      "provider": "provider[\"registry.terraform.io/hashicorp/tls\"]",
      "instances": [
        {
          "schema_version": 0,
          "attributes": {
            "algorithm": "RSA",
            "ecdsa_curve": "P224",
            "id": "2be3d8e19ecf7fadc4a83d1cc693b6964d2dab6a",
            "private_key_pem": "-----BEGIN RSA PRIVATE KEY-----\nMIIEowIBAAKCAQEA3ocSAX9quEcFXsiJuKBJ9t29Ebn8rgqkA0DC+KodRGgTcj+f\nfeymFCWIg35gWf53o5fXJBRL4hHzRgCKehOlOx/+6xuL7y171fiL1o9ZankOyMdy\nTKDksKApFc34vhY71xRmLoGT6nsGEYabRUTivHqSpbWOuOK7VrilseRVnyrB1xyv\n5/kvsCmwsCTHIinZY1yyQKr2H4PdeoEENbZKA/ZFcYT600Qapcugt7ymn+RcVwGq\nlEPcaCYivRkawnNa8l/T9Q2K4I+m0mKB3JVMcKG6MSH8VJ3jbpOvzrQpYfkplDql\n0jZQjKmq/1t7oFpRjnZLfLtSdK7Rkm4oq+OauwIDAQABAoIBAE2x10WSmU5R7bwU\nRJGj1W9OKE9iIqkZqf5AxFJSAvn5ZKDFOgibcbkjCbDvlPCW+mqx/znnpD8AiXHt\nimvpJA2qtDSeX5NYzB3/M8PsNQoJznGnwW6j1nUc1nt4eNrVpHsJ8ktWjrCV156S\n4u+ih4/LNByLcZN4BnTW73NXB9YUTvozPyoa9n5ENtDn5EbtFU4HSkS3xOZlM5v3\nYARO2inAZHP0z3UsMOeQvP7R4039Iq6psDvyWfKbi+IO6D0iWCXx3lPVBZQbEuUc\nioLEuMnzDmgjKduzB0tRW5aRI8FTpFRoMHQmOcdTsdSC+wOoCzKDaGnJc+q4z1CW\ntnPNW0ECgYEA6hI/bRXcjsV6J+a1XXXoiMQwj5RT0rELX1zszPdu14LctIOZ8cy1\now0zAOqQhuSFrk+sDTZi2BGAblkxvfa+4BOOHlhG7r9daTtJl6ibwf2fVsdt2Ji1\nt9bQ+IksXU1GtVjFnulm85oszWBGhyYIUy5d7sWC3cShVmX/dxq2VZECgYEA81/4\nTEVBbgsIcW++4L88osXUtdw5UN/qBtcVqMIyQJPSdDetMgpXiLdYJ1X3oRZG+flS\nt90T/WnlYVvLgF9gvGITHEZ662qaf//G6Yobd5+x/RNcXCInXtRHjNNoCuJWEZmK\nf3zzooSmyOY0fNP3vjfVpmKqFS+4V2EVABPaVYsCgYEAhqnI47FYGqtyA9KvNP3I\nsiZs6a2kK+q/aDXF5oXTtxkKcK/luT7UoOHPHg/U5kZCwm4DxfYsF7K5+MJH48o5\nNiEJ+ls/M8vUqd36EM5oDcskCIDjqWDx6rojr1j7tRHoRBy2VR5ipHNmoyFocghn\ncbOTRvNKvtuJFnPH7XXowIECgYBiYhBg3LpHfuRJ3w99kTE0595GKiFtZScY3sfd\nsatY2akA3CUCjpW2Kc/UDveMwhGtKbHbq95R2gYlJlOMsIHNhaQOERvNoQmV5tMF\nQ5Q49nCgSrxSbmgV+KB3+Fod1ENQ2A3Z3awrrY4ytoTPVWzYE4Alw8rXx7Owdwlj\nP6NKYwKBgBRJ3oIGLdyUP1W6Sq/jQb6pXLlT/87022NITHsbs6WDqVSGihFsbsGo\nuLfZCNg5GoynIL98ZBxtViThXWaL0Zh6Ol9E/4R7YxIyeU0hKQYCVAzZ5YxMJ1XQ\nNQaB0EjZ2ribzGPozEenC2P4k8/4AEqJ3tagLUy+QbH3Sdqz/rjA\n-----END RSA PRIVATE KEY-----\n",
            "public_key_fingerprint_md5": "87:a6:ae:83:0b:52:30:a7:1e:94:6a:9c:d0:98:4b:fa",
            "public_key_openssh": "ssh-rsa AAAAB3NzaC1yc2EAAAADAQABAAABAQDehxIBf2q4RwVeyIm4oEn23b0RufyuCqQDQML4qh1EaBNyP5997KYUJYiDfmBZ/nejl9ckFEviEfNGAIp6E6U7H/7rG4vvLXvV+IvWj1lqeQ7Ix3JMoOSwoCkVzfi+FjvXFGYugZPqewYRhptFROK8epKltY644rtWuKWx5FWfKsHXHK/n+S+wKbCwJMciKdljXLJAqvYfg916gQQ1tkoD9kVxhPrTRBqly6C3vKaf5FxXAaqUQ9xoJiK9GRrCc1ryX9P1DYrgj6bSYoHclUxwoboxIfxUneNuk6/OtClh+SmUOqXSNlCMqar/W3ugWlGOdkt8u1J0rtGSbiir45q7\n",
            "public_key_pem": "-----BEGIN PUBLIC KEY-----\nMIIBIjANBgkqhkiG9w0BAQEFAAOCAQ8AMIIBCgKCAQEA3ocSAX9quEcFXsiJuKBJ\n9t29Ebn8rgqkA0DC+KodRGgTcj+ffeymFCWIg35gWf53o5fXJBRL4hHzRgCKehOl\nOx/+6xuL7y171fiL1o9ZankOyMdyTKDksKApFc34vhY71xRmLoGT6nsGEYabRUTi\nvHqSpbWOuOK7VrilseRVnyrB1xyv5/kvsCmwsCTHIinZY1yyQKr2H4PdeoEENbZK\nA/ZFcYT600Qapcugt7ymn+RcVwGqlEPcaCYivRkawnNa8l/T9Q2K4I+m0mKB3JVM\ncKG6MSH8VJ3jbpOvzrQpYfkplDql0jZQjKmq/1t7oFpRjnZLfLtSdK7Rkm4oq+Oa\nuwIDAQAB\n-----END PUBLIC KEY-----\n",
            "rsa_bits": 2048
          },
          "private": "bnVsbA=="
        }
      ]
    }
  ]
}
